// !$*UTF8*$!
{
	archiveVersion = 1;
	classes = {
	};
	objectVersion = 51;
	objects = {

/* Begin PBXBuildFile section */
		040891DA232254E50025EE37 /* AppDelegate.swift in Sources */ = {isa = PBXBuildFile; fileRef = 040891D9232254E50025EE37 /* AppDelegate.swift */; };
		040891DC232254E50025EE37 /* ViewController.swift in Sources */ = {isa = PBXBuildFile; fileRef = 040891DB232254E50025EE37 /* ViewController.swift */; };
		040891E1232254E60025EE37 /* Assets.xcassets in Resources */ = {isa = PBXBuildFile; fileRef = 040891E0232254E60025EE37 /* Assets.xcassets */; };
		040891E4232254E60025EE37 /* LaunchScreen.storyboard in Resources */ = {isa = PBXBuildFile; fileRef = 040891E2232254E60025EE37 /* LaunchScreen.storyboard */; };
		040891EC23225F1D0025EE37 /* SignupViewViewController.swift in Sources */ = {isa = PBXBuildFile; fileRef = 040891EB23225F1D0025EE37 /* SignupViewViewController.swift */; };
		0424541623361B7E00A0230F /* BoardViewController.swift in Sources */ = {isa = PBXBuildFile; fileRef = 0424541523361B7E00A0230F /* BoardViewController.swift */; };
		042E51F92334C71C00030E5E /* Main.storyboard in Resources */ = {isa = PBXBuildFile; fileRef = 042E51F82334C71B00030E5E /* Main.storyboard */; };
		042E52002334C76E00030E5E /* StatusCollectionViewCell.swift in Sources */ = {isa = PBXBuildFile; fileRef = 042E51FB2334C76800030E5E /* StatusCollectionViewCell.swift */; };
		042E52012334C76E00030E5E /* BoardCollectionViewCell.swift in Sources */ = {isa = PBXBuildFile; fileRef = 042E51FC2334C76A00030E5E /* BoardCollectionViewCell.swift */; };
		042E52032334C76E00030E5E /* BoardCollectionViewController.swift in Sources */ = {isa = PBXBuildFile; fileRef = 042E51FE2334C76E00030E5E /* BoardCollectionViewController.swift */; };
		0438E26E2333780E00BCBEC8 /* GoogleService-Info.plist in Resources */ = {isa = PBXBuildFile; fileRef = 0438E26D2333780D00BCBEC8 /* GoogleService-Info.plist */; };
		043B6BC52331EF0700F264E8 /* Task.swift in Sources */ = {isa = PBXBuildFile; fileRef = 043B6BC42331EF0700F264E8 /* Task.swift */; };
		048B54A4232611B400F4E4FC /* TableViewCell.swift in Sources */ = {isa = PBXBuildFile; fileRef = 048B54A3232611B400F4E4FC /* TableViewCell.swift */; };
		0491CBD32330D9AC00040E51 /* ForgotPasswordViewController.swift in Sources */ = {isa = PBXBuildFile; fileRef = 0491CBD22330D9AC00040E51 /* ForgotPasswordViewController.swift */; };
		0498DBED2328ED70005C5666 /* Board.swift in Sources */ = {isa = PBXBuildFile; fileRef = 0498DBEC2328ED70005C5666 /* Board.swift */; };
		04F989682338D5ED00A062C4 /* Status.swift in Sources */ = {isa = PBXBuildFile; fileRef = 04F989672338D5ED00A062C4 /* Status.swift */; };
		04FA8FCF232F720C00EFEA29 /* User.swift in Sources */ = {isa = PBXBuildFile; fileRef = 04FA8FCE232F720C00EFEA29 /* User.swift */; };
		04FA8FD1232F7E1E00EFEA29 /* ApiRequest.swift in Sources */ = {isa = PBXBuildFile; fileRef = 04FA8FD0232F7E1E00EFEA29 /* ApiRequest.swift */; };
		04FC1595233B5ECE0091FC4E /* checkCollectionViewCell.swift in Sources */ = {isa = PBXBuildFile; fileRef = 04FC1592233B5ECE0091FC4E /* checkCollectionViewCell.swift */; };
		04FC1596233B5ECE0091FC4E /* DashboardCollectionViewCell.swift in Sources */ = {isa = PBXBuildFile; fileRef = 04FC1593233B5ECE0091FC4E /* DashboardCollectionViewCell.swift */; };
		04FC1597233B5ECE0091FC4E /* DashboardViewController.swift in Sources */ = {isa = PBXBuildFile; fileRef = 04FC1594233B5ECE0091FC4E /* DashboardViewController.swift */; };
		04FC1599233B5FE00091FC4E /* boardDetail.swift in Sources */ = {isa = PBXBuildFile; fileRef = 04FC1598233B5FE00091FC4E /* boardDetail.swift */; };
		19487009F44A812F71221642 /* Pods_todolist.framework in Frameworks */ = {isa = PBXBuildFile; fileRef = DCD6641ED4628F3A1B0A7E29 /* Pods_todolist.framework */; };
/* End PBXBuildFile section */

/* Begin PBXFileReference section */
		040891D6232254E50025EE37 /* todolist.app */ = {isa = PBXFileReference; explicitFileType = wrapper.application; includeInIndex = 0; path = todolist.app; sourceTree = BUILT_PRODUCTS_DIR; };
		040891D9232254E50025EE37 /* AppDelegate.swift */ = {isa = PBXFileReference; lastKnownFileType = sourcecode.swift; path = AppDelegate.swift; sourceTree = "<group>"; };
		040891DB232254E50025EE37 /* ViewController.swift */ = {isa = PBXFileReference; lastKnownFileType = sourcecode.swift; path = ViewController.swift; sourceTree = "<group>"; };
		040891E0232254E60025EE37 /* Assets.xcassets */ = {isa = PBXFileReference; lastKnownFileType = folder.assetcatalog; path = Assets.xcassets; sourceTree = "<group>"; };
		040891E3232254E60025EE37 /* Base */ = {isa = PBXFileReference; lastKnownFileType = file.storyboard; name = Base; path = Base.lproj/LaunchScreen.storyboard; sourceTree = "<group>"; };
		040891E5232254E60025EE37 /* Info.plist */ = {isa = PBXFileReference; lastKnownFileType = text.plist.xml; path = Info.plist; sourceTree = "<group>"; };
		040891EB23225F1D0025EE37 /* SignupViewViewController.swift */ = {isa = PBXFileReference; lastKnownFileType = sourcecode.swift; path = SignupViewViewController.swift; sourceTree = "<group>"; };
		0424541523361B7E00A0230F /* BoardViewController.swift */ = {isa = PBXFileReference; lastKnownFileType = sourcecode.swift; path = BoardViewController.swift; sourceTree = "<group>"; };
		042E51F82334C71B00030E5E /* Main.storyboard */ = {isa = PBXFileReference; fileEncoding = 4; lastKnownFileType = file.storyboard; path = Main.storyboard; sourceTree = "<group>"; };
		042E51FB2334C76800030E5E /* StatusCollectionViewCell.swift */ = {isa = PBXFileReference; fileEncoding = 4; lastKnownFileType = sourcecode.swift; path = StatusCollectionViewCell.swift; sourceTree = "<group>"; };
		042E51FC2334C76A00030E5E /* BoardCollectionViewCell.swift */ = {isa = PBXFileReference; fileEncoding = 4; lastKnownFileType = sourcecode.swift; path = BoardCollectionViewCell.swift; sourceTree = "<group>"; };
		042E51FE2334C76E00030E5E /* BoardCollectionViewController.swift */ = {isa = PBXFileReference; fileEncoding = 4; lastKnownFileType = sourcecode.swift; path = BoardCollectionViewController.swift; sourceTree = "<group>"; };
		0438E26D2333780D00BCBEC8 /* GoogleService-Info.plist */ = {isa = PBXFileReference; fileEncoding = 4; lastKnownFileType = text.plist.xml; path = "GoogleService-Info.plist"; sourceTree = "<group>"; };
		043B6BC42331EF0700F264E8 /* Task.swift */ = {isa = PBXFileReference; lastKnownFileType = sourcecode.swift; path = Task.swift; sourceTree = "<group>"; };
		048B54A3232611B400F4E4FC /* TableViewCell.swift */ = {isa = PBXFileReference; lastKnownFileType = sourcecode.swift; path = TableViewCell.swift; sourceTree = "<group>"; };
		0491CBD22330D9AC00040E51 /* ForgotPasswordViewController.swift */ = {isa = PBXFileReference; lastKnownFileType = sourcecode.swift; path = ForgotPasswordViewController.swift; sourceTree = "<group>"; };
		0498DBEC2328ED70005C5666 /* Board.swift */ = {isa = PBXFileReference; lastKnownFileType = sourcecode.swift; path = Board.swift; sourceTree = "<group>"; };
		04F989672338D5ED00A062C4 /* Status.swift */ = {isa = PBXFileReference; lastKnownFileType = sourcecode.swift; path = Status.swift; sourceTree = "<group>"; };
		04FA8FCE232F720C00EFEA29 /* User.swift */ = {isa = PBXFileReference; lastKnownFileType = sourcecode.swift; path = User.swift; sourceTree = "<group>"; };
		04FA8FD0232F7E1E00EFEA29 /* ApiRequest.swift */ = {isa = PBXFileReference; lastKnownFileType = sourcecode.swift; path = ApiRequest.swift; sourceTree = "<group>"; };
		04FC1592233B5ECE0091FC4E /* checkCollectionViewCell.swift */ = {isa = PBXFileReference; fileEncoding = 4; lastKnownFileType = sourcecode.swift; path = checkCollectionViewCell.swift; sourceTree = "<group>"; };
		04FC1593233B5ECE0091FC4E /* DashboardCollectionViewCell.swift */ = {isa = PBXFileReference; fileEncoding = 4; lastKnownFileType = sourcecode.swift; path = DashboardCollectionViewCell.swift; sourceTree = "<group>"; };
		04FC1594233B5ECE0091FC4E /* DashboardViewController.swift */ = {isa = PBXFileReference; fileEncoding = 4; lastKnownFileType = sourcecode.swift; path = DashboardViewController.swift; sourceTree = "<group>"; };
		04FC1598233B5FE00091FC4E /* boardDetail.swift */ = {isa = PBXFileReference; lastKnownFileType = sourcecode.swift; path = boardDetail.swift; sourceTree = "<group>"; };
		1766941EBC64548E0D0C76EF /* Pods-todolist.debug.xcconfig */ = {isa = PBXFileReference; includeInIndex = 1; lastKnownFileType = text.xcconfig; name = "Pods-todolist.debug.xcconfig"; path = "Target Support Files/Pods-todolist/Pods-todolist.debug.xcconfig"; sourceTree = "<group>"; };
		B0EF9BB2360CA73F00409F2E /* Pods-todolist.release.xcconfig */ = {isa = PBXFileReference; includeInIndex = 1; lastKnownFileType = text.xcconfig; name = "Pods-todolist.release.xcconfig"; path = "Target Support Files/Pods-todolist/Pods-todolist.release.xcconfig"; sourceTree = "<group>"; };
		DCD6641ED4628F3A1B0A7E29 /* Pods_todolist.framework */ = {isa = PBXFileReference; explicitFileType = wrapper.framework; includeInIndex = 0; path = Pods_todolist.framework; sourceTree = BUILT_PRODUCTS_DIR; };
/* End PBXFileReference section */

/* Begin PBXFrameworksBuildPhase section */
		040891D3232254E50025EE37 /* Frameworks */ = {
			isa = PBXFrameworksBuildPhase;
			buildActionMask = 2147483647;
			files = (
				19487009F44A812F71221642 /* Pods_todolist.framework in Frameworks */,
			);
			runOnlyForDeploymentPostprocessing = 0;
		};
/* End PBXFrameworksBuildPhase section */

/* Begin PBXGroup section */
		02A710536092FEDBEC6A988F /* Pods */ = {
			isa = PBXGroup;
			children = (
				1766941EBC64548E0D0C76EF /* Pods-todolist.debug.xcconfig */,
				B0EF9BB2360CA73F00409F2E /* Pods-todolist.release.xcconfig */,
			);
			path = Pods;
			sourceTree = "<group>";
		};
		040891CD232254E50025EE37 = {
			isa = PBXGroup;
			children = (
				040891D8232254E50025EE37 /* todolist */,
				040891D7232254E50025EE37 /* Products */,
				02A710536092FEDBEC6A988F /* Pods */,
				6261AD3C5595D0D0961D4BB4 /* Frameworks */,
			);
			sourceTree = "<group>";
		};
		040891D7232254E50025EE37 /* Products */ = {
			isa = PBXGroup;
			children = (
				040891D6232254E50025EE37 /* todolist.app */,
			);
			name = Products;
			sourceTree = "<group>";
		};
		040891D8232254E50025EE37 /* todolist */ = {
			isa = PBXGroup;
			children = (
				040891D9232254E50025EE37 /* AppDelegate.swift */,
				04FA8FD0232F7E1E00EFEA29 /* ApiRequest.swift */,
				04F989602338C7E100A062C4 /* Dashboard */,
				0491CBCB23308B6300040E51 /* DataClass */,
				04FA8FCD232F527900EFEA29 /* BoardCollectionView */,
				040891EB23225F1D0025EE37 /* SignupViewViewController.swift */,
				040891DB232254E50025EE37 /* ViewController.swift */,
				042E51F82334C71B00030E5E /* Main.storyboard */,
				040891E0232254E60025EE37 /* Assets.xcassets */,
				040891E2232254E60025EE37 /* LaunchScreen.storyboard */,
				040891E5232254E60025EE37 /* Info.plist */,
				048B54A3232611B400F4E4FC /* TableViewCell.swift */,
				0491CBD22330D9AC00040E51 /* ForgotPasswordViewController.swift */,
				0438E26D2333780D00BCBEC8 /* GoogleService-Info.plist */,
			);
			path = todolist;
			sourceTree = "<group>";
		};
		0491CBCB23308B6300040E51 /* DataClass */ = {
			isa = PBXGroup;
			children = (
				04FA8FCE232F720C00EFEA29 /* User.swift */,
				0498DBEC2328ED70005C5666 /* Board.swift */,
				043B6BC42331EF0700F264E8 /* Task.swift */,
				04F989672338D5ED00A062C4 /* Status.swift */,
				04FC1598233B5FE00091FC4E /* boardDetail.swift */,
			);
			path = DataClass;
			sourceTree = "<group>";
		};
		04F989602338C7E100A062C4 /* Dashboard */ = {
			isa = PBXGroup;
			children = (
				04FC1592233B5ECE0091FC4E /* checkCollectionViewCell.swift */,
				04FC1593233B5ECE0091FC4E /* DashboardCollectionViewCell.swift */,
				04FC1594233B5ECE0091FC4E /* DashboardViewController.swift */,
			);
			path = Dashboard;
			sourceTree = "<group>";
		};
		04FA8FCD232F527900EFEA29 /* BoardCollectionView */ = {
			isa = PBXGroup;
			children = (
				042E51FC2334C76A00030E5E /* BoardCollectionViewCell.swift */,
				042E51FE2334C76E00030E5E /* BoardCollectionViewController.swift */,
				042E51FB2334C76800030E5E /* StatusCollectionViewCell.swift */,
				0424541523361B7E00A0230F /* BoardViewController.swift */,
			);
			path = BoardCollectionView;
			sourceTree = "<group>";
		};
		6261AD3C5595D0D0961D4BB4 /* Frameworks */ = {
			isa = PBXGroup;
			children = (
				DCD6641ED4628F3A1B0A7E29 /* Pods_todolist.framework */,
			);
			name = Frameworks;
			sourceTree = "<group>";
		};
/* End PBXGroup section */

/* Begin PBXNativeTarget section */
		040891D5232254E50025EE37 /* todolist */ = {
			isa = PBXNativeTarget;
			buildConfigurationList = 040891E8232254E60025EE37 /* Build configuration list for PBXNativeTarget "todolist" */;
			buildPhases = (
				F018E962442CFE94C7C52042 /* [CP] Check Pods Manifest.lock */,
				040891D2232254E50025EE37 /* Sources */,
				040891D3232254E50025EE37 /* Frameworks */,
				040891D4232254E50025EE37 /* Resources */,
				E00162558BE1247E86CC7A26 /* [CP] Embed Pods Frameworks */,
			);
			buildRules = (
			);
			dependencies = (
			);
			name = todolist;
			productName = todolist;
			productReference = 040891D6232254E50025EE37 /* todolist.app */;
			productType = "com.apple.product-type.application";
		};
/* End PBXNativeTarget section */

/* Begin PBXProject section */
		040891CE232254E50025EE37 /* Project object */ = {
			isa = PBXProject;
			attributes = {
				LastSwiftUpdateCheck = 1030;
				LastUpgradeCheck = 1030;
				ORGANIZATIONNAME = Mac;
				TargetAttributes = {
					040891D5232254E50025EE37 = {
						CreatedOnToolsVersion = 10.3;
					};
				};
			};
			buildConfigurationList = 040891D1232254E50025EE37 /* Build configuration list for PBXProject "todolist" */;
			compatibilityVersion = "Xcode 9.3";
			developmentRegion = en;
			hasScannedForEncodings = 0;
			knownRegions = (
				en,
				Base,
			);
			mainGroup = 040891CD232254E50025EE37;
			productRefGroup = 040891D7232254E50025EE37 /* Products */;
			projectDirPath = "";
			projectRoot = "";
			targets = (
				040891D5232254E50025EE37 /* todolist */,
			);
		};
/* End PBXProject section */

/* Begin PBXResourcesBuildPhase section */
		040891D4232254E50025EE37 /* Resources */ = {
			isa = PBXResourcesBuildPhase;
			buildActionMask = 2147483647;
			files = (
				040891E4232254E60025EE37 /* LaunchScreen.storyboard in Resources */,
				042E51F92334C71C00030E5E /* Main.storyboard in Resources */,
				0438E26E2333780E00BCBEC8 /* GoogleService-Info.plist in Resources */,
				040891E1232254E60025EE37 /* Assets.xcassets in Resources */,
			);
			runOnlyForDeploymentPostprocessing = 0;
		};
/* End PBXResourcesBuildPhase section */

/* Begin PBXShellScriptBuildPhase section */
		E00162558BE1247E86CC7A26 /* [CP] Embed Pods Frameworks */ = {
			isa = PBXShellScriptBuildPhase;
			buildActionMask = 2147483647;
			files = (
			);
			inputFileListPaths = (
				"${PODS_ROOT}/Target Support Files/Pods-todolist/Pods-todolist-frameworks-${CONFIGURATION}-input-files.xcfilelist",
			);
			name = "[CP] Embed Pods Frameworks";
			outputFileListPaths = (
				"${PODS_ROOT}/Target Support Files/Pods-todolist/Pods-todolist-frameworks-${CONFIGURATION}-output-files.xcfilelist",
			);
			runOnlyForDeploymentPostprocessing = 0;
			shellPath = /bin/sh;
			shellScript = "\"${PODS_ROOT}/Target Support Files/Pods-todolist/Pods-todolist-frameworks.sh\"\n";
			showEnvVarsInLog = 0;
		};
		F018E962442CFE94C7C52042 /* [CP] Check Pods Manifest.lock */ = {
			isa = PBXShellScriptBuildPhase;
			buildActionMask = 2147483647;
			files = (
			);
			inputFileListPaths = (
			);
			inputPaths = (
				"${PODS_PODFILE_DIR_PATH}/Podfile.lock",
				"${PODS_ROOT}/Manifest.lock",
			);
			name = "[CP] Check Pods Manifest.lock";
			outputFileListPaths = (
			);
			outputPaths = (
				"$(DERIVED_FILE_DIR)/Pods-todolist-checkManifestLockResult.txt",
			);
			runOnlyForDeploymentPostprocessing = 0;
			shellPath = /bin/sh;
			shellScript = "diff \"${PODS_PODFILE_DIR_PATH}/Podfile.lock\" \"${PODS_ROOT}/Manifest.lock\" > /dev/null\nif [ $? != 0 ] ; then\n    # print error to STDERR\n    echo \"error: The sandbox is not in sync with the Podfile.lock. Run 'pod install' or update your CocoaPods installation.\" >&2\n    exit 1\nfi\n# This output is used by Xcode 'outputs' to avoid re-running this script phase.\necho \"SUCCESS\" > \"${SCRIPT_OUTPUT_FILE_0}\"\n";
			showEnvVarsInLog = 0;
		};
/* End PBXShellScriptBuildPhase section */

/* Begin PBXSourcesBuildPhase section */
		040891D2232254E50025EE37 /* Sources */ = {
			isa = PBXSourcesBuildPhase;
			buildActionMask = 2147483647;
			files = (
				040891DC232254E50025EE37 /* ViewController.swift in Sources */,
				04FC1596233B5ECE0091FC4E /* DashboardCollectionViewCell.swift in Sources */,
				04FA8FCF232F720C00EFEA29 /* User.swift in Sources */,
				042E52012334C76E00030E5E /* BoardCollectionViewCell.swift in Sources */,
				04F989682338D5ED00A062C4 /* Status.swift in Sources */,
				04FA8FD1232F7E1E00EFEA29 /* ApiRequest.swift in Sources */,
				040891DA232254E50025EE37 /* AppDelegate.swift in Sources */,
				04FC1595233B5ECE0091FC4E /* checkCollectionViewCell.swift in Sources */,
				048B54A4232611B400F4E4FC /* TableViewCell.swift in Sources */,
				040891EC23225F1D0025EE37 /* SignupViewViewController.swift in Sources */,
				0491CBD32330D9AC00040E51 /* ForgotPasswordViewController.swift in Sources */,
				04FC1599233B5FE00091FC4E /* boardDetail.swift in Sources */,
				0498DBED2328ED70005C5666 /* Board.swift in Sources */,
				042E52032334C76E00030E5E /* BoardCollectionViewController.swift in Sources */,
				0424541623361B7E00A0230F /* BoardViewController.swift in Sources */,
				042E52002334C76E00030E5E /* StatusCollectionViewCell.swift in Sources */,
				043B6BC52331EF0700F264E8 /* Task.swift in Sources */,
				04FC1597233B5ECE0091FC4E /* DashboardViewController.swift in Sources */,
			);
			runOnlyForDeploymentPostprocessing = 0;
		};
/* End PBXSourcesBuildPhase section */

/* Begin PBXVariantGroup section */
		040891E2232254E60025EE37 /* LaunchScreen.storyboard */ = {
			isa = PBXVariantGroup;
			children = (
				040891E3232254E60025EE37 /* Base */,
			);
			name = LaunchScreen.storyboard;
			sourceTree = "<group>";
		};
/* End PBXVariantGroup section */

/* Begin XCBuildConfiguration section */
		040891E6232254E60025EE37 /* Debug */ = {
			isa = XCBuildConfiguration;
			buildSettings = {
				ALWAYS_SEARCH_USER_PATHS = NO;
				CLANG_ANALYZER_NONNULL = YES;
				CLANG_ANALYZER_NUMBER_OBJECT_CONVERSION = YES_AGGRESSIVE;
				CLANG_CXX_LANGUAGE_STANDARD = "gnu++14";
				CLANG_CXX_LIBRARY = "libc++";
				CLANG_ENABLE_MODULES = YES;
				CLANG_ENABLE_OBJC_ARC = YES;
				CLANG_ENABLE_OBJC_WEAK = YES;
				CLANG_WARN_BLOCK_CAPTURE_AUTORELEASING = YES;
				CLANG_WARN_BOOL_CONVERSION = YES;
				CLANG_WARN_COMMA = YES;
				CLANG_WARN_CONSTANT_CONVERSION = YES;
				CLANG_WARN_DEPRECATED_OBJC_IMPLEMENTATIONS = YES;
				CLANG_WARN_DIRECT_OBJC_ISA_USAGE = YES_ERROR;
				CLANG_WARN_DOCUMENTATION_COMMENTS = YES;
				CLANG_WARN_EMPTY_BODY = YES;
				CLANG_WARN_ENUM_CONVERSION = YES;
				CLANG_WARN_INFINITE_RECURSION = YES;
				CLANG_WARN_INT_CONVERSION = YES;
				CLANG_WARN_NON_LITERAL_NULL_CONVERSION = YES;
				CLANG_WARN_OBJC_IMPLICIT_RETAIN_SELF = YES;
				CLANG_WARN_OBJC_LITERAL_CONVERSION = YES;
				CLANG_WARN_OBJC_ROOT_CLASS = YES_ERROR;
				CLANG_WARN_RANGE_LOOP_ANALYSIS = YES;
				CLANG_WARN_STRICT_PROTOTYPES = YES;
				CLANG_WARN_SUSPICIOUS_MOVE = YES;
				CLANG_WARN_UNGUARDED_AVAILABILITY = YES_AGGRESSIVE;
				CLANG_WARN_UNREACHABLE_CODE = YES;
				CLANG_WARN__DUPLICATE_METHOD_MATCH = YES;
				CODE_SIGN_IDENTITY = "iPhone Developer";
				COPY_PHASE_STRIP = NO;
				DEBUG_INFORMATION_FORMAT = dwarf;
				ENABLE_STRICT_OBJC_MSGSEND = YES;
				ENABLE_TESTABILITY = YES;
				GCC_C_LANGUAGE_STANDARD = gnu11;
				GCC_DYNAMIC_NO_PIC = NO;
				GCC_NO_COMMON_BLOCKS = YES;
				GCC_OPTIMIZATION_LEVEL = 0;
				GCC_PREPROCESSOR_DEFINITIONS = (
					"DEBUG=1",
					"$(inherited)",
				);
				GCC_WARN_64_TO_32_BIT_CONVERSION = YES;
				GCC_WARN_ABOUT_RETURN_TYPE = YES_ERROR;
				GCC_WARN_UNDECLARED_SELECTOR = YES;
				GCC_WARN_UNINITIALIZED_AUTOS = YES_AGGRESSIVE;
				GCC_WARN_UNUSED_FUNCTION = YES;
				GCC_WARN_UNUSED_VARIABLE = YES;
				IPHONEOS_DEPLOYMENT_TARGET = 12.4;
				MTL_ENABLE_DEBUG_INFO = INCLUDE_SOURCE;
				MTL_FAST_MATH = YES;
				ONLY_ACTIVE_ARCH = YES;
				SDKROOT = iphoneos;
				SWIFT_ACTIVE_COMPILATION_CONDITIONS = DEBUG;
				SWIFT_OPTIMIZATION_LEVEL = "-Onone";
			};
			name = Debug;
		};
		040891E7232254E60025EE37 /* Release */ = {
			isa = XCBuildConfiguration;
			buildSettings = {
				ALWAYS_SEARCH_USER_PATHS = NO;
				CLANG_ANALYZER_NONNULL = YES;
				CLANG_ANALYZER_NUMBER_OBJECT_CONVERSION = YES_AGGRESSIVE;
				CLANG_CXX_LANGUAGE_STANDARD = "gnu++14";
				CLANG_CXX_LIBRARY = "libc++";
				CLANG_ENABLE_MODULES = YES;
				CLANG_ENABLE_OBJC_ARC = YES;
				CLANG_ENABLE_OBJC_WEAK = YES;
				CLANG_WARN_BLOCK_CAPTURE_AUTORELEASING = YES;
				CLANG_WARN_BOOL_CONVERSION = YES;
				CLANG_WARN_COMMA = YES;
				CLANG_WARN_CONSTANT_CONVERSION = YES;
				CLANG_WARN_DEPRECATED_OBJC_IMPLEMENTATIONS = YES;
				CLANG_WARN_DIRECT_OBJC_ISA_USAGE = YES_ERROR;
				CLANG_WARN_DOCUMENTATION_COMMENTS = YES;
				CLANG_WARN_EMPTY_BODY = YES;
				CLANG_WARN_ENUM_CONVERSION = YES;
				CLANG_WARN_INFINITE_RECURSION = YES;
				CLANG_WARN_INT_CONVERSION = YES;
				CLANG_WARN_NON_LITERAL_NULL_CONVERSION = YES;
				CLANG_WARN_OBJC_IMPLICIT_RETAIN_SELF = YES;
				CLANG_WARN_OBJC_LITERAL_CONVERSION = YES;
				CLANG_WARN_OBJC_ROOT_CLASS = YES_ERROR;
				CLANG_WARN_RANGE_LOOP_ANALYSIS = YES;
				CLANG_WARN_STRICT_PROTOTYPES = YES;
				CLANG_WARN_SUSPICIOUS_MOVE = YES;
				CLANG_WARN_UNGUARDED_AVAILABILITY = YES_AGGRESSIVE;
				CLANG_WARN_UNREACHABLE_CODE = YES;
				CLANG_WARN__DUPLICATE_METHOD_MATCH = YES;
				CODE_SIGN_IDENTITY = "iPhone Developer";
				COPY_PHASE_STRIP = NO;
				DEBUG_INFORMATION_FORMAT = "dwarf-with-dsym";
				ENABLE_NS_ASSERTIONS = NO;
				ENABLE_STRICT_OBJC_MSGSEND = YES;
				GCC_C_LANGUAGE_STANDARD = gnu11;
				GCC_NO_COMMON_BLOCKS = YES;
				GCC_WARN_64_TO_32_BIT_CONVERSION = YES;
				GCC_WARN_ABOUT_RETURN_TYPE = YES_ERROR;
				GCC_WARN_UNDECLARED_SELECTOR = YES;
				GCC_WARN_UNINITIALIZED_AUTOS = YES_AGGRESSIVE;
				GCC_WARN_UNUSED_FUNCTION = YES;
				GCC_WARN_UNUSED_VARIABLE = YES;
				IPHONEOS_DEPLOYMENT_TARGET = 12.4;
				MTL_ENABLE_DEBUG_INFO = NO;
				MTL_FAST_MATH = YES;
				SDKROOT = iphoneos;
				SWIFT_COMPILATION_MODE = wholemodule;
				SWIFT_OPTIMIZATION_LEVEL = "-O";
				VALIDATE_PRODUCT = YES;
			};
			name = Release;
		};
		040891E9232254E60025EE37 /* Debug */ = {
			isa = XCBuildConfiguration;
			baseConfigurationReference = 1766941EBC64548E0D0C76EF /* Pods-todolist.debug.xcconfig */;
			buildSettings = {
				ASSETCATALOG_COMPILER_APPICON_NAME = AppIcon;
				CODE_SIGN_STYLE = Automatic;
				DEVELOPMENT_TEAM = BQ962D3J94;
				INFOPLIST_FILE = todolist/Info.plist;
				IPHONEOS_DEPLOYMENT_TARGET = 12.0;
				LD_RUNPATH_SEARCH_PATHS = (
					"$(inherited)",
					"@executable_path/Frameworks",
				);
				PRODUCT_BUNDLE_IDENTIFIER = com.huy.user.todoList;
				PRODUCT_NAME = "$(TARGET_NAME)";
				SWIFT_VERSION = 5.0;
				TARGETED_DEVICE_FAMILY = "1,2";
			};
			name = Debug;
		};
		040891EA232254E60025EE37 /* Release */ = {
			isa = XCBuildConfiguration;
			baseConfigurationReference = B0EF9BB2360CA73F00409F2E /* Pods-todolist.release.xcconfig */;
			buildSettings = {
				ASSETCATALOG_COMPILER_APPICON_NAME = AppIcon;
				CODE_SIGN_STYLE = Automatic;
				DEVELOPMENT_TEAM = BQ962D3J94;
				INFOPLIST_FILE = todolist/Info.plist;
				IPHONEOS_DEPLOYMENT_TARGET = 12.0;
				LD_RUNPATH_SEARCH_PATHS = (
					"$(inherited)",
					"@executable_path/Frameworks",
				);
				PRODUCT_BUNDLE_IDENTIFIER = com.huy.user.todoList;
				PRODUCT_NAME = "$(TARGET_NAME)";
				SWIFT_VERSION = 5.0;
				TARGETED_DEVICE_FAMILY = "1,2";
			};
			name = Release;
		};
/* End XCBuildConfiguration section */

/* Begin XCConfigurationList section */
		040891D1232254E50025EE37 /* Build configuration list for PBXProject "todolist" */ = {
			isa = XCConfigurationList;
			buildConfigurations = (
				040891E6232254E60025EE37 /* Debug */,
				040891E7232254E60025EE37 /* Release */,
			);
			defaultConfigurationIsVisible = 0;
			defaultConfigurationName = Release;
		};
		040891E8232254E60025EE37 /* Build configuration list for PBXNativeTarget "todolist" */ = {
			isa = XCConfigurationList;
			buildConfigurations = (
				040891E9232254E60025EE37 /* Debug */,
				040891EA232254E60025EE37 /* Release */,
			);
			defaultConfigurationIsVisible = 0;
			defaultConfigurationName = Release;
		};
/* End XCConfigurationList section */
	};
	rootObject = 040891CE232254E50025EE37 /* Project object */;
}
