// !$*UTF8*$!
{
	archiveVersion = 1;
	classes = {
	};
	objectVersion = 51;
	objects = {

/* Begin PBXBuildFile section */
		04061FEC23435EBA0068B0BB /* Boards@3x.png in Resources */ = {isa = PBXBuildFile; fileRef = 04061FEB23435EBA0068B0BB /* Boards@3x.png */; };
		04061FF42344952E0068B0BB /* NotificationService.swift in Sources */ = {isa = PBXBuildFile; fileRef = 04061FF32344952E0068B0BB /* NotificationService.swift */; };
		04061FF82344952E0068B0BB /* OneSignalNotifactionServiceExtension.appex in Embed App Extensions */ = {isa = PBXBuildFile; fileRef = 04061FF12344952E0068B0BB /* OneSignalNotifactionServiceExtension.appex */; settings = {ATTRIBUTES = (RemoveHeadersOnCopy, ); }; };
		040891DA232254E50025EE37 /* AppDelegate.swift in Sources */ = {isa = PBXBuildFile; fileRef = 040891D9232254E50025EE37 /* AppDelegate.swift */; };
		040891DC232254E50025EE37 /* ViewController.swift in Sources */ = {isa = PBXBuildFile; fileRef = 040891DB232254E50025EE37 /* ViewController.swift */; };
		040891E1232254E60025EE37 /* Assets.xcassets in Resources */ = {isa = PBXBuildFile; fileRef = 040891E0232254E60025EE37 /* Assets.xcassets */; };
		040891E4232254E60025EE37 /* LaunchScreen.storyboard in Resources */ = {isa = PBXBuildFile; fileRef = 040891E2232254E60025EE37 /* LaunchScreen.storyboard */; };
		040891EC23225F1D0025EE37 /* SignupViewViewController.swift in Sources */ = {isa = PBXBuildFile; fileRef = 040891EB23225F1D0025EE37 /* SignupViewViewController.swift */; };
		040E92812349F30C006CB93B /* TestPic.jpg in Resources */ = {isa = PBXBuildFile; fileRef = 040E92802349F30C006CB93B /* TestPic.jpg */; };
		0424541623361B7E00A0230F /* BoardViewController.swift in Sources */ = {isa = PBXBuildFile; fileRef = 0424541523361B7E00A0230F /* BoardViewController.swift */; };
		042E52002334C76E00030E5E /* StatusCollectionViewCell.swift in Sources */ = {isa = PBXBuildFile; fileRef = 042E51FB2334C76800030E5E /* StatusCollectionViewCell.swift */; };
		042E52012334C76E00030E5E /* BoardCollectionViewCell.swift in Sources */ = {isa = PBXBuildFile; fileRef = 042E51FC2334C76A00030E5E /* BoardCollectionViewCell.swift */; };
		042E52032334C76E00030E5E /* BoardCollectionViewController.swift in Sources */ = {isa = PBXBuildFile; fileRef = 042E51FE2334C76E00030E5E /* BoardCollectionViewController.swift */; };
		0438E26E2333780E00BCBEC8 /* GoogleService-Info.plist in Resources */ = {isa = PBXBuildFile; fileRef = 0438E26D2333780D00BCBEC8 /* GoogleService-Info.plist */; };
		043B6BC52331EF0700F264E8 /* Task.swift in Sources */ = {isa = PBXBuildFile; fileRef = 043B6BC42331EF0700F264E8 /* Task.swift */; };
		044F1C65234EE1DE009F58BA /* GuestCollectionViewCell.swift in Sources */ = {isa = PBXBuildFile; fileRef = 044F1C64234EE1DE009F58BA /* GuestCollectionViewCell.swift */; };
		0491CBD32330D9AC00040E51 /* ForgotPasswordViewController.swift in Sources */ = {isa = PBXBuildFile; fileRef = 0491CBD22330D9AC00040E51 /* ForgotPasswordViewController.swift */; };
		0498C3F8234D8BC000F99C10 /* TableViewCell.swift in Sources */ = {isa = PBXBuildFile; fileRef = 0498C3F7234D8BC000F99C10 /* TableViewCell.swift */; };
		0498C401234D8DD700F99C10 /* DescriptionVC.swift in Sources */ = {isa = PBXBuildFile; fileRef = 0498C400234D8DD700F99C10 /* DescriptionVC.swift */; };
		0498C403234D8DFD00F99C10 /* TaskDetailVCViewController.swift in Sources */ = {isa = PBXBuildFile; fileRef = 0498C402234D8DFD00F99C10 /* TaskDetailVCViewController.swift */; };
		0498C406234D9EC900F99C10 /* UIView+Extension.swift in Sources */ = {isa = PBXBuildFile; fileRef = 0498C405234D9EC900F99C10 /* UIView+Extension.swift */; };
		0498DBED2328ED70005C5666 /* Board.swift in Sources */ = {isa = PBXBuildFile; fileRef = 0498DBEC2328ED70005C5666 /* Board.swift */; };
		04F989682338D5ED00A062C4 /* Status.swift in Sources */ = {isa = PBXBuildFile; fileRef = 04F989672338D5ED00A062C4 /* Status.swift */; };
		04FA8FCF232F720C00EFEA29 /* User.swift in Sources */ = {isa = PBXBuildFile; fileRef = 04FA8FCE232F720C00EFEA29 /* User.swift */; };
		04FA8FD1232F7E1E00EFEA29 /* ApiRequest.swift in Sources */ = {isa = PBXBuildFile; fileRef = 04FA8FD0232F7E1E00EFEA29 /* ApiRequest.swift */; };
		04FBCBB3234740B3005C74F6 /* TabBarController.swift in Sources */ = {isa = PBXBuildFile; fileRef = 04FBCBB2234740B3005C74F6 /* TabBarController.swift */; };
		04FBCBB523474150005C74F6 /* ProfileViewController.swift in Sources */ = {isa = PBXBuildFile; fileRef = 04FBCBB423474150005C74F6 /* ProfileViewController.swift */; };
		04FBCBB723475AF1005C74F6 /* profile_selected.png in Resources */ = {isa = PBXBuildFile; fileRef = 04FBCBB623475AF0005C74F6 /* profile_selected.png */; };
		04FBCBB923475AF8005C74F6 /* profile_default.png in Resources */ = {isa = PBXBuildFile; fileRef = 04FBCBB823475AF8005C74F6 /* profile_default.png */; };
		04FBCBBB23475B09005C74F6 /* board_default.png in Resources */ = {isa = PBXBuildFile; fileRef = 04FBCBBA23475B08005C74F6 /* board_default.png */; };
		04FBCBBD23475BB9005C74F6 /* logo.png in Resources */ = {isa = PBXBuildFile; fileRef = 04FBCBBC23475BB9005C74F6 /* logo.png */; };
		04FBCBBF23475BFF005C74F6 /* board_selected.png in Resources */ = {isa = PBXBuildFile; fileRef = 04FBCBBE23475BFF005C74F6 /* board_selected.png */; };
		04FC1595233B5ECE0091FC4E /* checkCollectionViewCell.swift in Sources */ = {isa = PBXBuildFile; fileRef = 04FC1592233B5ECE0091FC4E /* checkCollectionViewCell.swift */; };
		04FC1596233B5ECE0091FC4E /* DashboardCollectionViewCell.swift in Sources */ = {isa = PBXBuildFile; fileRef = 04FC1593233B5ECE0091FC4E /* DashboardCollectionViewCell.swift */; };
		04FC1597233B5ECE0091FC4E /* DashboardViewController.swift in Sources */ = {isa = PBXBuildFile; fileRef = 04FC1594233B5ECE0091FC4E /* DashboardViewController.swift */; };
		04FC1599233B5FE00091FC4E /* boardDetail.swift in Sources */ = {isa = PBXBuildFile; fileRef = 04FC1598233B5FE00091FC4E /* boardDetail.swift */; };
		04FD9B5D23459FE000B3B937 /* plus icon.png in Resources */ = {isa = PBXBuildFile; fileRef = 04FD9B5C23459FE000B3B937 /* plus icon.png */; };
		04FD9B5F2345B32000B3B937 /* delete.png in Resources */ = {isa = PBXBuildFile; fileRef = 04FD9B5E2345B32000B3B937 /* delete.png */; };
		04FD9B612345F1B900B3B937 /* AddBoardViewController.swift in Sources */ = {isa = PBXBuildFile; fileRef = 04FD9B602345F1B900B3B937 /* AddBoardViewController.swift */; };
		19487009F44A812F71221642 /* Pods_todolist.framework in Frameworks */ = {isa = PBXBuildFile; fileRef = DCD6641ED4628F3A1B0A7E29 /* Pods_todolist.framework */; };
		48C9574E85212C187A96D1C6 /* Pods_OneSignalNotifactionServiceExtension.framework in Frameworks */ = {isa = PBXBuildFile; fileRef = 08F99FA431964972FA15E4C4 /* Pods_OneSignalNotifactionServiceExtension.framework */; };
/* End PBXBuildFile section */

/* Begin PBXContainerItemProxy section */
		04061FF62344952E0068B0BB /* PBXContainerItemProxy */ = {
			isa = PBXContainerItemProxy;
			containerPortal = 040891CE232254E50025EE37 /* Project object */;
			proxyType = 1;
			remoteGlobalIDString = 04061FF02344952E0068B0BB;
			remoteInfo = OneSignalNotifactionServiceExtension;
		};
/* End PBXContainerItemProxy section */

/* Begin PBXCopyFilesBuildPhase section */
		04061FFC2344952E0068B0BB /* Embed App Extensions */ = {
			isa = PBXCopyFilesBuildPhase;
			buildActionMask = 2147483647;
			dstPath = "";
			dstSubfolderSpec = 13;
			files = (
				04061FF82344952E0068B0BB /* OneSignalNotifactionServiceExtension.appex in Embed App Extensions */,
			);
			name = "Embed App Extensions";
			runOnlyForDeploymentPostprocessing = 0;
		};
/* End PBXCopyFilesBuildPhase section */

/* Begin PBXFileReference section */
		04061FEB23435EBA0068B0BB /* Boards@3x.png */ = {isa = PBXFileReference; lastKnownFileType = image.png; path = "Boards@3x.png"; sourceTree = "<group>"; };
		04061FF12344952E0068B0BB /* OneSignalNotifactionServiceExtension.appex */ = {isa = PBXFileReference; explicitFileType = "wrapper.app-extension"; includeInIndex = 0; path = OneSignalNotifactionServiceExtension.appex; sourceTree = BUILT_PRODUCTS_DIR; };
		04061FF32344952E0068B0BB /* NotificationService.swift */ = {isa = PBXFileReference; lastKnownFileType = sourcecode.swift; path = NotificationService.swift; sourceTree = "<group>"; };
		04061FF52344952E0068B0BB /* Info.plist */ = {isa = PBXFileReference; lastKnownFileType = text.plist.xml; path = Info.plist; sourceTree = "<group>"; };
		04061FFD234498830068B0BB /* todolist.entitlements */ = {isa = PBXFileReference; lastKnownFileType = text.plist.entitlements; path = todolist.entitlements; sourceTree = "<group>"; };
		040891D6232254E50025EE37 /* todolist.app */ = {isa = PBXFileReference; explicitFileType = wrapper.application; includeInIndex = 0; path = todolist.app; sourceTree = BUILT_PRODUCTS_DIR; };
		040891D9232254E50025EE37 /* AppDelegate.swift */ = {isa = PBXFileReference; lastKnownFileType = sourcecode.swift; path = AppDelegate.swift; sourceTree = "<group>"; };
		040891DB232254E50025EE37 /* ViewController.swift */ = {isa = PBXFileReference; lastKnownFileType = sourcecode.swift; path = ViewController.swift; sourceTree = "<group>"; };
		040891E0232254E60025EE37 /* Assets.xcassets */ = {isa = PBXFileReference; lastKnownFileType = folder.assetcatalog; path = Assets.xcassets; sourceTree = "<group>"; };
		040891E3232254E60025EE37 /* Base */ = {isa = PBXFileReference; lastKnownFileType = file.storyboard; name = Base; path = Base.lproj/LaunchScreen.storyboard; sourceTree = "<group>"; };
		040891E5232254E60025EE37 /* Info.plist */ = {isa = PBXFileReference; lastKnownFileType = text.plist.xml; path = Info.plist; sourceTree = "<group>"; };
		040891EB23225F1D0025EE37 /* SignupViewViewController.swift */ = {isa = PBXFileReference; lastKnownFileType = sourcecode.swift; path = SignupViewViewController.swift; sourceTree = "<group>"; };
		040E92802349F30C006CB93B /* TestPic.jpg */ = {isa = PBXFileReference; lastKnownFileType = image.jpeg; path = TestPic.jpg; sourceTree = "<group>"; };
		0424541523361B7E00A0230F /* BoardViewController.swift */ = {isa = PBXFileReference; lastKnownFileType = sourcecode.swift; path = BoardViewController.swift; sourceTree = "<group>"; };
		042E51FB2334C76800030E5E /* StatusCollectionViewCell.swift */ = {isa = PBXFileReference; fileEncoding = 4; lastKnownFileType = sourcecode.swift; path = StatusCollectionViewCell.swift; sourceTree = "<group>"; };
		042E51FC2334C76A00030E5E /* BoardCollectionViewCell.swift */ = {isa = PBXFileReference; fileEncoding = 4; lastKnownFileType = sourcecode.swift; path = BoardCollectionViewCell.swift; sourceTree = "<group>"; };
		042E51FE2334C76E00030E5E /* BoardCollectionViewController.swift */ = {isa = PBXFileReference; fileEncoding = 4; lastKnownFileType = sourcecode.swift; path = BoardCollectionViewController.swift; sourceTree = "<group>"; };
		0438E26D2333780D00BCBEC8 /* GoogleService-Info.plist */ = {isa = PBXFileReference; fileEncoding = 4; lastKnownFileType = text.plist.xml; path = "GoogleService-Info.plist"; sourceTree = "<group>"; };
		043B6BC42331EF0700F264E8 /* Task.swift */ = {isa = PBXFileReference; lastKnownFileType = sourcecode.swift; path = Task.swift; sourceTree = "<group>"; };
		044F1C64234EE1DE009F58BA /* GuestCollectionViewCell.swift */ = {isa = PBXFileReference; fileEncoding = 4; lastKnownFileType = sourcecode.swift; path = GuestCollectionViewCell.swift; sourceTree = "<group>"; };
		0491CBD22330D9AC00040E51 /* ForgotPasswordViewController.swift */ = {isa = PBXFileReference; lastKnownFileType = sourcecode.swift; path = ForgotPasswordViewController.swift; sourceTree = "<group>"; };
		0498C3F7234D8BC000F99C10 /* TableViewCell.swift */ = {isa = PBXFileReference; lastKnownFileType = sourcecode.swift; path = TableViewCell.swift; sourceTree = "<group>"; };
		0498C400234D8DD700F99C10 /* DescriptionVC.swift */ = {isa = PBXFileReference; lastKnownFileType = sourcecode.swift; path = DescriptionVC.swift; sourceTree = "<group>"; };
		0498C402234D8DFD00F99C10 /* TaskDetailVCViewController.swift */ = {isa = PBXFileReference; lastKnownFileType = sourcecode.swift; path = TaskDetailVCViewController.swift; sourceTree = "<group>"; };
		0498C405234D9EC900F99C10 /* UIView+Extension.swift */ = {isa = PBXFileReference; lastKnownFileType = sourcecode.swift; path = "UIView+Extension.swift"; sourceTree = "<group>"; };
		0498DBEC2328ED70005C5666 /* Board.swift */ = {isa = PBXFileReference; lastKnownFileType = sourcecode.swift; path = Board.swift; sourceTree = "<group>"; };
		04F989672338D5ED00A062C4 /* Status.swift */ = {isa = PBXFileReference; lastKnownFileType = sourcecode.swift; path = Status.swift; sourceTree = "<group>"; };
		04FA8FCE232F720C00EFEA29 /* User.swift */ = {isa = PBXFileReference; lastKnownFileType = sourcecode.swift; path = User.swift; sourceTree = "<group>"; };
		04FA8FD0232F7E1E00EFEA29 /* ApiRequest.swift */ = {isa = PBXFileReference; lastKnownFileType = sourcecode.swift; path = ApiRequest.swift; sourceTree = "<group>"; };
		04FBCBB2234740B3005C74F6 /* TabBarController.swift */ = {isa = PBXFileReference; lastKnownFileType = sourcecode.swift; path = TabBarController.swift; sourceTree = "<group>"; };
		04FBCBB423474150005C74F6 /* ProfileViewController.swift */ = {isa = PBXFileReference; lastKnownFileType = sourcecode.swift; path = ProfileViewController.swift; sourceTree = "<group>"; };
		04FBCBB623475AF0005C74F6 /* profile_selected.png */ = {isa = PBXFileReference; lastKnownFileType = image.png; path = profile_selected.png; sourceTree = "<group>"; };
		04FBCBB823475AF8005C74F6 /* profile_default.png */ = {isa = PBXFileReference; lastKnownFileType = image.png; path = profile_default.png; sourceTree = "<group>"; };
		04FBCBBA23475B08005C74F6 /* board_default.png */ = {isa = PBXFileReference; lastKnownFileType = image.png; path = board_default.png; sourceTree = "<group>"; };
		04FBCBBC23475BB9005C74F6 /* logo.png */ = {isa = PBXFileReference; lastKnownFileType = image.png; path = logo.png; sourceTree = "<group>"; };
		04FBCBBE23475BFF005C74F6 /* board_selected.png */ = {isa = PBXFileReference; lastKnownFileType = image.png; path = board_selected.png; sourceTree = "<group>"; };
		04FC1592233B5ECE0091FC4E /* checkCollectionViewCell.swift */ = {isa = PBXFileReference; fileEncoding = 4; lastKnownFileType = sourcecode.swift; path = checkCollectionViewCell.swift; sourceTree = "<group>"; };
		04FC1593233B5ECE0091FC4E /* DashboardCollectionViewCell.swift */ = {isa = PBXFileReference; fileEncoding = 4; lastKnownFileType = sourcecode.swift; path = DashboardCollectionViewCell.swift; sourceTree = "<group>"; };
		04FC1594233B5ECE0091FC4E /* DashboardViewController.swift */ = {isa = PBXFileReference; fileEncoding = 4; lastKnownFileType = sourcecode.swift; path = DashboardViewController.swift; sourceTree = "<group>"; };
		04FC1598233B5FE00091FC4E /* boardDetail.swift */ = {isa = PBXFileReference; lastKnownFileType = sourcecode.swift; path = boardDetail.swift; sourceTree = "<group>"; };
		04FD9B5C23459FE000B3B937 /* plus icon.png */ = {isa = PBXFileReference; lastKnownFileType = image.png; path = "plus icon.png"; sourceTree = "<group>"; };
		04FD9B5E2345B32000B3B937 /* delete.png */ = {isa = PBXFileReference; lastKnownFileType = image.png; path = delete.png; sourceTree = "<group>"; };
		04FD9B602345F1B900B3B937 /* AddBoardViewController.swift */ = {isa = PBXFileReference; lastKnownFileType = sourcecode.swift; path = AddBoardViewController.swift; sourceTree = "<group>"; };
		08F99FA431964972FA15E4C4 /* Pods_OneSignalNotifactionServiceExtension.framework */ = {isa = PBXFileReference; explicitFileType = wrapper.framework; includeInIndex = 0; path = Pods_OneSignalNotifactionServiceExtension.framework; sourceTree = BUILT_PRODUCTS_DIR; };
		1766941EBC64548E0D0C76EF /* Pods-todolist.debug.xcconfig */ = {isa = PBXFileReference; includeInIndex = 1; lastKnownFileType = text.xcconfig; name = "Pods-todolist.debug.xcconfig"; path = "Target Support Files/Pods-todolist/Pods-todolist.debug.xcconfig"; sourceTree = "<group>"; };
		4137EA9C9A2636C8F2312CF1 /* Pods-OneSignalNotifactionServiceExtension.release.xcconfig */ = {isa = PBXFileReference; includeInIndex = 1; lastKnownFileType = text.xcconfig; name = "Pods-OneSignalNotifactionServiceExtension.release.xcconfig"; path = "Target Support Files/Pods-OneSignalNotifactionServiceExtension/Pods-OneSignalNotifactionServiceExtension.release.xcconfig"; sourceTree = "<group>"; };
		AD3742DFC036B7FBB1281DB5 /* Pods-OneSignalNotifactionServiceExtension.debug.xcconfig */ = {isa = PBXFileReference; includeInIndex = 1; lastKnownFileType = text.xcconfig; name = "Pods-OneSignalNotifactionServiceExtension.debug.xcconfig"; path = "Target Support Files/Pods-OneSignalNotifactionServiceExtension/Pods-OneSignalNotifactionServiceExtension.debug.xcconfig"; sourceTree = "<group>"; };
		B0EF9BB2360CA73F00409F2E /* Pods-todolist.release.xcconfig */ = {isa = PBXFileReference; includeInIndex = 1; lastKnownFileType = text.xcconfig; name = "Pods-todolist.release.xcconfig"; path = "Target Support Files/Pods-todolist/Pods-todolist.release.xcconfig"; sourceTree = "<group>"; };
		DCD6641ED4628F3A1B0A7E29 /* Pods_todolist.framework */ = {isa = PBXFileReference; explicitFileType = wrapper.framework; includeInIndex = 0; path = Pods_todolist.framework; sourceTree = BUILT_PRODUCTS_DIR; };
/* End PBXFileReference section */

/* Begin PBXFrameworksBuildPhase section */
		04061FEE2344952E0068B0BB /* Frameworks */ = {
			isa = PBXFrameworksBuildPhase;
			buildActionMask = 2147483647;
			files = (
				48C9574E85212C187A96D1C6 /* Pods_OneSignalNotifactionServiceExtension.framework in Frameworks */,
			);
			runOnlyForDeploymentPostprocessing = 0;
		};
		040891D3232254E50025EE37 /* Frameworks */ = {
			isa = PBXFrameworksBuildPhase;
			buildActionMask = 2147483647;
			files = (
				19487009F44A812F71221642 /* Pods_todolist.framework in Frameworks */,
			);
			runOnlyForDeploymentPostprocessing = 0;
		};
/* End PBXFrameworksBuildPhase section */

/* Begin PBXGroup section */
		02A710536092FEDBEC6A988F /* Pods */ = {
			isa = PBXGroup;
			children = (
				1766941EBC64548E0D0C76EF /* Pods-todolist.debug.xcconfig */,
				B0EF9BB2360CA73F00409F2E /* Pods-todolist.release.xcconfig */,
				AD3742DFC036B7FBB1281DB5 /* Pods-OneSignalNotifactionServiceExtension.debug.xcconfig */,
				4137EA9C9A2636C8F2312CF1 /* Pods-OneSignalNotifactionServiceExtension.release.xcconfig */,
			);
			path = Pods;
			sourceTree = "<group>";
		};
		04061FF22344952E0068B0BB /* OneSignalNotifactionServiceExtension */ = {
			isa = PBXGroup;
			children = (
				04061FF32344952E0068B0BB /* NotificationService.swift */,
				04061FF52344952E0068B0BB /* Info.plist */,
			);
			path = OneSignalNotifactionServiceExtension;
			sourceTree = "<group>";
		};
		040891CD232254E50025EE37 = {
			isa = PBXGroup;
			children = (
				040891D8232254E50025EE37 /* todolist */,
				04061FF22344952E0068B0BB /* OneSignalNotifactionServiceExtension */,
				040891D7232254E50025EE37 /* Products */,
				02A710536092FEDBEC6A988F /* Pods */,
				6261AD3C5595D0D0961D4BB4 /* Frameworks */,
			);
			sourceTree = "<group>";
		};
		040891D7232254E50025EE37 /* Products */ = {
			isa = PBXGroup;
			children = (
				040891D6232254E50025EE37 /* todolist.app */,
				04061FF12344952E0068B0BB /* OneSignalNotifactionServiceExtension.appex */,
			);
			name = Products;
			sourceTree = "<group>";
		};
		040891D8232254E50025EE37 /* todolist */ = {
			isa = PBXGroup;
			children = (
				04061FFD234498830068B0BB /* todolist.entitlements */,
				04FA8FD0232F7E1E00EFEA29 /* ApiRequest.swift */,
				040891D9232254E50025EE37 /* AppDelegate.swift */,
				0491CBCB23308B6300040E51 /* DataClass */,
				0498C404234D9EB200F99C10 /* Extension */,
				0498C3FF234D8DB600F99C10 /* TaskDetail */,
				04F989602338C7E100A062C4 /* Dashboard */,
				04FA8FCD232F527900EFEA29 /* BoardCollectionView */,
				040891EB23225F1D0025EE37 /* SignupViewViewController.swift */,
				040891DB232254E50025EE37 /* ViewController.swift */,
				04FBCBB2234740B3005C74F6 /* TabBarController.swift */,
				04FBCBB423474150005C74F6 /* ProfileViewController.swift */,
				0491CBD22330D9AC00040E51 /* ForgotPasswordViewController.swift */,
				040891E0232254E60025EE37 /* Assets.xcassets */,
				040891E2232254E60025EE37 /* LaunchScreen.storyboard */,
				040891E5232254E60025EE37 /* Info.plist */,
				0438E26D2333780D00BCBEC8 /* GoogleService-Info.plist */,
				04FBCBC023475C15005C74F6 /* Assest */,
			);
			path = todolist;
			sourceTree = "<group>";
		};
		0491CBCB23308B6300040E51 /* DataClass */ = {
			isa = PBXGroup;
			children = (
				04FA8FCE232F720C00EFEA29 /* User.swift */,
				0498DBEC2328ED70005C5666 /* Board.swift */,
				043B6BC42331EF0700F264E8 /* Task.swift */,
				04F989672338D5ED00A062C4 /* Status.swift */,
				04FC1598233B5FE00091FC4E /* boardDetail.swift */,
			);
			path = DataClass;
			sourceTree = "<group>";
		};
		0498C3FF234D8DB600F99C10 /* TaskDetail */ = {
			isa = PBXGroup;
			children = (
				0498C400234D8DD700F99C10 /* DescriptionVC.swift */,
				0498C402234D8DFD00F99C10 /* TaskDetailVCViewController.swift */,
			);
			path = TaskDetail;
			sourceTree = "<group>";
		};
		0498C404234D9EB200F99C10 /* Extension */ = {
			isa = PBXGroup;
			children = (
				0498C405234D9EC900F99C10 /* UIView+Extension.swift */,
			);
			path = Extension;
			sourceTree = "<group>";
		};
		04F989602338C7E100A062C4 /* Dashboard */ = {
			isa = PBXGroup;
			children = (
				04FC1594233B5ECE0091FC4E /* DashboardViewController.swift */,
				04FD9B602345F1B900B3B937 /* AddBoardViewController.swift */,
				04FC1593233B5ECE0091FC4E /* DashboardCollectionViewCell.swift */,
				044F1C64234EE1DE009F58BA /* GuestCollectionViewCell.swift */,
				04FC1592233B5ECE0091FC4E /* checkCollectionViewCell.swift */,
			);
			path = Dashboard;
			sourceTree = "<group>";
		};
		04FA8FCD232F527900EFEA29 /* BoardCollectionView */ = {
			isa = PBXGroup;
			children = (
				042E51FC2334C76A00030E5E /* BoardCollectionViewCell.swift */,
				042E51FE2334C76E00030E5E /* BoardCollectionViewController.swift */,
				042E51FB2334C76800030E5E /* StatusCollectionViewCell.swift */,
				0424541523361B7E00A0230F /* BoardViewController.swift */,
				0498C3F7234D8BC000F99C10 /* TableViewCell.swift */,
			);
			path = BoardCollectionView;
			sourceTree = "<group>";
		};
		04FBCBC023475C15005C74F6 /* Assest */ = {
			isa = PBXGroup;
			children = (
				040E92802349F30C006CB93B /* TestPic.jpg */,
				04061FEB23435EBA0068B0BB /* Boards@3x.png */,
				04FD9B5C23459FE000B3B937 /* plus icon.png */,
				04FBCBBA23475B08005C74F6 /* board_default.png */,
				04FBCBBE23475BFF005C74F6 /* board_selected.png */,
				04FBCBB823475AF8005C74F6 /* profile_default.png */,
				04FBCBB623475AF0005C74F6 /* profile_selected.png */,
				04FD9B5E2345B32000B3B937 /* delete.png */,
				04FBCBBC23475BB9005C74F6 /* logo.png */,
			);
			path = Assest;
			sourceTree = "<group>";
		};
		6261AD3C5595D0D0961D4BB4 /* Frameworks */ = {
			isa = PBXGroup;
			children = (
				DCD6641ED4628F3A1B0A7E29 /* Pods_todolist.framework */,
				08F99FA431964972FA15E4C4 /* Pods_OneSignalNotifactionServiceExtension.framework */,
			);
			name = Frameworks;
			sourceTree = "<group>";
		};
/* End PBXGroup section */

/* Begin PBXNativeTarget section */
		04061FF02344952E0068B0BB /* OneSignalNotifactionServiceExtension */ = {
			isa = PBXNativeTarget;
			buildConfigurationList = 04061FF92344952E0068B0BB /* Build configuration list for PBXNativeTarget "OneSignalNotifactionServiceExtension" */;
			buildPhases = (
				56BCD02A5D3064B4A85D634D /* [CP] Check Pods Manifest.lock */,
				04061FED2344952E0068B0BB /* Sources */,
				04061FEE2344952E0068B0BB /* Frameworks */,
				04061FEF2344952E0068B0BB /* Resources */,
			);
			buildRules = (
			);
			dependencies = (
			);
			name = OneSignalNotifactionServiceExtension;
			productName = OneSignalNotifactionServiceExtension;
			productReference = 04061FF12344952E0068B0BB /* OneSignalNotifactionServiceExtension.appex */;
			productType = "com.apple.product-type.app-extension";
		};
		040891D5232254E50025EE37 /* todolist */ = {
			isa = PBXNativeTarget;
			buildConfigurationList = 040891E8232254E60025EE37 /* Build configuration list for PBXNativeTarget "todolist" */;
			buildPhases = (
				F018E962442CFE94C7C52042 /* [CP] Check Pods Manifest.lock */,
				040891D2232254E50025EE37 /* Sources */,
				040891D3232254E50025EE37 /* Frameworks */,
				040891D4232254E50025EE37 /* Resources */,
				E00162558BE1247E86CC7A26 /* [CP] Embed Pods Frameworks */,
				04061FFC2344952E0068B0BB /* Embed App Extensions */,
			);
			buildRules = (
			);
			dependencies = (
				04061FF72344952E0068B0BB /* PBXTargetDependency */,
			);
			name = todolist;
			productName = todolist;
			productReference = 040891D6232254E50025EE37 /* todolist.app */;
			productType = "com.apple.product-type.application";
		};
/* End PBXNativeTarget section */

/* Begin PBXProject section */
		040891CE232254E50025EE37 /* Project object */ = {
			isa = PBXProject;
			attributes = {
				LastSwiftUpdateCheck = 1100;
				LastUpgradeCheck = 1030;
				ORGANIZATIONNAME = Mac;
				TargetAttributes = {
					04061FF02344952E0068B0BB = {
						CreatedOnToolsVersion = 11.0;
					};
					040891D5232254E50025EE37 = {
						CreatedOnToolsVersion = 10.3;
					};
				};
			};
			buildConfigurationList = 040891D1232254E50025EE37 /* Build configuration list for PBXProject "todolist" */;
			compatibilityVersion = "Xcode 9.3";
			developmentRegion = en;
			hasScannedForEncodings = 0;
			knownRegions = (
				en,
				Base,
			);
			mainGroup = 040891CD232254E50025EE37;
			productRefGroup = 040891D7232254E50025EE37 /* Products */;
			projectDirPath = "";
			projectRoot = "";
			targets = (
				040891D5232254E50025EE37 /* todolist */,
				04061FF02344952E0068B0BB /* OneSignalNotifactionServiceExtension */,
			);
		};
/* End PBXProject section */

/* Begin PBXResourcesBuildPhase section */
		04061FEF2344952E0068B0BB /* Resources */ = {
			isa = PBXResourcesBuildPhase;
			buildActionMask = 2147483647;
			files = (
			);
			runOnlyForDeploymentPostprocessing = 0;
		};
		040891D4232254E50025EE37 /* Resources */ = {
			isa = PBXResourcesBuildPhase;
			buildActionMask = 2147483647;
			files = (
				040891E4232254E60025EE37 /* LaunchScreen.storyboard in Resources */,
				04FBCBBD23475BB9005C74F6 /* logo.png in Resources */,
				040E92812349F30C006CB93B /* TestPic.jpg in Resources */,
				0438E26E2333780E00BCBEC8 /* GoogleService-Info.plist in Resources */,
				04061FEC23435EBA0068B0BB /* Boards@3x.png in Resources */,
				04FD9B5F2345B32000B3B937 /* delete.png in Resources */,
				040891E1232254E60025EE37 /* Assets.xcassets in Resources */,
				04FBCBB723475AF1005C74F6 /* profile_selected.png in Resources */,
				04FBCBBB23475B09005C74F6 /* board_default.png in Resources */,
				04FBCBBF23475BFF005C74F6 /* board_selected.png in Resources */,
				04FD9B5D23459FE000B3B937 /* plus icon.png in Resources */,
				04FBCBB923475AF8005C74F6 /* profile_default.png in Resources */,
			);
			runOnlyForDeploymentPostprocessing = 0;
		};
/* End PBXResourcesBuildPhase section */

/* Begin PBXShellScriptBuildPhase section */
		56BCD02A5D3064B4A85D634D /* [CP] Check Pods Manifest.lock */ = {
			isa = PBXShellScriptBuildPhase;
			buildActionMask = 2147483647;
			files = (
			);
			inputFileListPaths = (
			);
			inputPaths = (
				"${PODS_PODFILE_DIR_PATH}/Podfile.lock",
				"${PODS_ROOT}/Manifest.lock",
			);
			name = "[CP] Check Pods Manifest.lock";
			outputFileListPaths = (
			);
			outputPaths = (
				"$(DERIVED_FILE_DIR)/Pods-OneSignalNotifactionServiceExtension-checkManifestLockResult.txt",
			);
			runOnlyForDeploymentPostprocessing = 0;
			shellPath = /bin/sh;
			shellScript = "diff \"${PODS_PODFILE_DIR_PATH}/Podfile.lock\" \"${PODS_ROOT}/Manifest.lock\" > /dev/null\nif [ $? != 0 ] ; then\n    # print error to STDERR\n    echo \"error: The sandbox is not in sync with the Podfile.lock. Run 'pod install' or update your CocoaPods installation.\" >&2\n    exit 1\nfi\n# This output is used by Xcode 'outputs' to avoid re-running this script phase.\necho \"SUCCESS\" > \"${SCRIPT_OUTPUT_FILE_0}\"\n";
			showEnvVarsInLog = 0;
		};
		E00162558BE1247E86CC7A26 /* [CP] Embed Pods Frameworks */ = {
			isa = PBXShellScriptBuildPhase;
			buildActionMask = 2147483647;
			files = (
			);
			inputFileListPaths = (
				"${PODS_ROOT}/Target Support Files/Pods-todolist/Pods-todolist-frameworks-${CONFIGURATION}-input-files.xcfilelist",
			);
			name = "[CP] Embed Pods Frameworks";
			outputFileListPaths = (
				"${PODS_ROOT}/Target Support Files/Pods-todolist/Pods-todolist-frameworks-${CONFIGURATION}-output-files.xcfilelist",
			);
			runOnlyForDeploymentPostprocessing = 0;
			shellPath = /bin/sh;
			shellScript = "\"${PODS_ROOT}/Target Support Files/Pods-todolist/Pods-todolist-frameworks.sh\"\n";
			showEnvVarsInLog = 0;
		};
		F018E962442CFE94C7C52042 /* [CP] Check Pods Manifest.lock */ = {
			isa = PBXShellScriptBuildPhase;
			buildActionMask = 2147483647;
			files = (
			);
			inputFileListPaths = (
			);
			inputPaths = (
				"${PODS_PODFILE_DIR_PATH}/Podfile.lock",
				"${PODS_ROOT}/Manifest.lock",
			);
			name = "[CP] Check Pods Manifest.lock";
			outputFileListPaths = (
			);
			outputPaths = (
				"$(DERIVED_FILE_DIR)/Pods-todolist-checkManifestLockResult.txt",
			);
			runOnlyForDeploymentPostprocessing = 0;
			shellPath = /bin/sh;
			shellScript = "diff \"${PODS_PODFILE_DIR_PATH}/Podfile.lock\" \"${PODS_ROOT}/Manifest.lock\" > /dev/null\nif [ $? != 0 ] ; then\n    # print error to STDERR\n    echo \"error: The sandbox is not in sync with the Podfile.lock. Run 'pod install' or update your CocoaPods installation.\" >&2\n    exit 1\nfi\n# This output is used by Xcode 'outputs' to avoid re-running this script phase.\necho \"SUCCESS\" > \"${SCRIPT_OUTPUT_FILE_0}\"\n";
			showEnvVarsInLog = 0;
		};
/* End PBXShellScriptBuildPhase section */

/* Begin PBXSourcesBuildPhase section */
		04061FED2344952E0068B0BB /* Sources */ = {
			isa = PBXSourcesBuildPhase;
			buildActionMask = 2147483647;
			files = (
				04061FF42344952E0068B0BB /* NotificationService.swift in Sources */,
			);
			runOnlyForDeploymentPostprocessing = 0;
		};
		040891D2232254E50025EE37 /* Sources */ = {
			isa = PBXSourcesBuildPhase;
			buildActionMask = 2147483647;
			files = (
				040891DC232254E50025EE37 /* ViewController.swift in Sources */,
				04FC1596233B5ECE0091FC4E /* DashboardCollectionViewCell.swift in Sources */,
				04FA8FCF232F720C00EFEA29 /* User.swift in Sources */,
				0498C401234D8DD700F99C10 /* DescriptionVC.swift in Sources */,
				042E52012334C76E00030E5E /* BoardCollectionViewCell.swift in Sources */,
				04F989682338D5ED00A062C4 /* Status.swift in Sources */,
				0498C403234D8DFD00F99C10 /* TaskDetailVCViewController.swift in Sources */,
				04FA8FD1232F7E1E00EFEA29 /* ApiRequest.swift in Sources */,
				040891DA232254E50025EE37 /* AppDelegate.swift in Sources */,
				04FC1595233B5ECE0091FC4E /* checkCollectionViewCell.swift in Sources */,
				044F1C65234EE1DE009F58BA /* GuestCollectionViewCell.swift in Sources */,
				040891EC23225F1D0025EE37 /* SignupViewViewController.swift in Sources */,
				04FD9B612345F1B900B3B937 /* AddBoardViewController.swift in Sources */,
				0491CBD32330D9AC00040E51 /* ForgotPasswordViewController.swift in Sources */,
				04FC1599233B5FE00091FC4E /* boardDetail.swift in Sources */,
				0498C3F8234D8BC000F99C10 /* TableViewCell.swift in Sources */,
				04FBCBB3234740B3005C74F6 /* TabBarController.swift in Sources */,
				0498DBED2328ED70005C5666 /* Board.swift in Sources */,
				042E52032334C76E00030E5E /* BoardCollectionViewController.swift in Sources */,
				0498C406234D9EC900F99C10 /* UIView+Extension.swift in Sources */,
				0424541623361B7E00A0230F /* BoardViewController.swift in Sources */,
				042E52002334C76E00030E5E /* StatusCollectionViewCell.swift in Sources */,
				04FBCBB523474150005C74F6 /* ProfileViewController.swift in Sources */,
				043B6BC52331EF0700F264E8 /* Task.swift in Sources */,
				04FC1597233B5ECE0091FC4E /* DashboardViewController.swift in Sources */,
			);
			runOnlyForDeploymentPostprocessing = 0;
		};
/* End PBXSourcesBuildPhase section */

/* Begin PBXTargetDependency section */
		04061FF72344952E0068B0BB /* PBXTargetDependency */ = {
			isa = PBXTargetDependency;
			target = 04061FF02344952E0068B0BB /* OneSignalNotifactionServiceExtension */;
			targetProxy = 04061FF62344952E0068B0BB /* PBXContainerItemProxy */;
		};
/* End PBXTargetDependency section */

/* Begin PBXVariantGroup section */
		040891E2232254E60025EE37 /* LaunchScreen.storyboard */ = {
			isa = PBXVariantGroup;
			children = (
				040891E3232254E60025EE37 /* Base */,
			);
			name = LaunchScreen.storyboard;
			sourceTree = "<group>";
		};
/* End PBXVariantGroup section */

/* Begin XCBuildConfiguration section */
		04061FFA2344952E0068B0BB /* Debug */ = {
			isa = XCBuildConfiguration;
			baseConfigurationReference = AD3742DFC036B7FBB1281DB5 /* Pods-OneSignalNotifactionServiceExtension.debug.xcconfig */;
			buildSettings = {
				CODE_SIGN_STYLE = Automatic;
				DEVELOPMENT_TEAM = BQ962D3J94;
				INFOPLIST_FILE = OneSignalNotifactionServiceExtension/Info.plist;
				IPHONEOS_DEPLOYMENT_TARGET = 13.0;
				LD_RUNPATH_SEARCH_PATHS = (
					"$(inherited)",
					"@executable_path/Frameworks",
					"@executable_path/../../Frameworks",
				);
				PRODUCT_BUNDLE_IDENTIFIER = com.huy.user.todoList.OneSignalNotifactionServiceExtension;
				PRODUCT_NAME = "$(TARGET_NAME)";
				SKIP_INSTALL = YES;
				SWIFT_VERSION = 5.0;
				TARGETED_DEVICE_FAMILY = "1,2";
			};
			name = Debug;
		};
		04061FFB2344952E0068B0BB /* Release */ = {
			isa = XCBuildConfiguration;
			baseConfigurationReference = 4137EA9C9A2636C8F2312CF1 /* Pods-OneSignalNotifactionServiceExtension.release.xcconfig */;
			buildSettings = {
				CODE_SIGN_STYLE = Automatic;
				DEVELOPMENT_TEAM = BQ962D3J94;
				INFOPLIST_FILE = OneSignalNotifactionServiceExtension/Info.plist;
				IPHONEOS_DEPLOYMENT_TARGET = 13.0;
				LD_RUNPATH_SEARCH_PATHS = (
					"$(inherited)",
					"@executable_path/Frameworks",
					"@executable_path/../../Frameworks",
				);
				PRODUCT_BUNDLE_IDENTIFIER = com.huy.user.todoList.OneSignalNotifactionServiceExtension;
				PRODUCT_NAME = "$(TARGET_NAME)";
				SKIP_INSTALL = YES;
				SWIFT_VERSION = 5.0;
				TARGETED_DEVICE_FAMILY = "1,2";
			};
			name = Release;
		};
		040891E6232254E60025EE37 /* Debug */ = {
			isa = XCBuildConfiguration;
			buildSettings = {
				ALWAYS_SEARCH_USER_PATHS = NO;
				CLANG_ANALYZER_NONNULL = YES;
				CLANG_ANALYZER_NUMBER_OBJECT_CONVERSION = YES_AGGRESSIVE;
				CLANG_CXX_LANGUAGE_STANDARD = "gnu++14";
				CLANG_CXX_LIBRARY = "libc++";
				CLANG_ENABLE_MODULES = YES;
				CLANG_ENABLE_OBJC_ARC = YES;
				CLANG_ENABLE_OBJC_WEAK = YES;
				CLANG_WARN_BLOCK_CAPTURE_AUTORELEASING = YES;
				CLANG_WARN_BOOL_CONVERSION = YES;
				CLANG_WARN_COMMA = YES;
				CLANG_WARN_CONSTANT_CONVERSION = YES;
				CLANG_WARN_DEPRECATED_OBJC_IMPLEMENTATIONS = YES;
				CLANG_WARN_DIRECT_OBJC_ISA_USAGE = YES_ERROR;
				CLANG_WARN_DOCUMENTATION_COMMENTS = YES;
				CLANG_WARN_EMPTY_BODY = YES;
				CLANG_WARN_ENUM_CONVERSION = YES;
				CLANG_WARN_INFINITE_RECURSION = YES;
				CLANG_WARN_INT_CONVERSION = YES;
				CLANG_WARN_NON_LITERAL_NULL_CONVERSION = YES;
				CLANG_WARN_OBJC_IMPLICIT_RETAIN_SELF = YES;
				CLANG_WARN_OBJC_LITERAL_CONVERSION = YES;
				CLANG_WARN_OBJC_ROOT_CLASS = YES_ERROR;
				CLANG_WARN_RANGE_LOOP_ANALYSIS = YES;
				CLANG_WARN_STRICT_PROTOTYPES = YES;
				CLANG_WARN_SUSPICIOUS_MOVE = YES;
				CLANG_WARN_UNGUARDED_AVAILABILITY = YES_AGGRESSIVE;
				CLANG_WARN_UNREACHABLE_CODE = YES;
				CLANG_WARN__DUPLICATE_METHOD_MATCH = YES;
				CODE_SIGN_IDENTITY = "iPhone Developer";
				COPY_PHASE_STRIP = NO;
				DEBUG_INFORMATION_FORMAT = dwarf;
				ENABLE_STRICT_OBJC_MSGSEND = YES;
				ENABLE_TESTABILITY = YES;
				GCC_C_LANGUAGE_STANDARD = gnu11;
				GCC_DYNAMIC_NO_PIC = NO;
				GCC_NO_COMMON_BLOCKS = YES;
				GCC_OPTIMIZATION_LEVEL = 0;
				GCC_PREPROCESSOR_DEFINITIONS = (
					"DEBUG=1",
					"$(inherited)",
				);
				GCC_WARN_64_TO_32_BIT_CONVERSION = YES;
				GCC_WARN_ABOUT_RETURN_TYPE = YES_ERROR;
				GCC_WARN_UNDECLARED_SELECTOR = YES;
				GCC_WARN_UNINITIALIZED_AUTOS = YES_AGGRESSIVE;
				GCC_WARN_UNUSED_FUNCTION = YES;
				GCC_WARN_UNUSED_VARIABLE = YES;
				IPHONEOS_DEPLOYMENT_TARGET = 13.0;
				MTL_ENABLE_DEBUG_INFO = INCLUDE_SOURCE;
				MTL_FAST_MATH = YES;
				ONLY_ACTIVE_ARCH = YES;
				SDKROOT = iphoneos;
				SWIFT_ACTIVE_COMPILATION_CONDITIONS = DEBUG;
				SWIFT_OPTIMIZATION_LEVEL = "-Onone";
			};
			name = Debug;
		};
		040891E7232254E60025EE37 /* Release */ = {
			isa = XCBuildConfiguration;
			buildSettings = {
				ALWAYS_SEARCH_USER_PATHS = NO;
				CLANG_ANALYZER_NONNULL = YES;
				CLANG_ANALYZER_NUMBER_OBJECT_CONVERSION = YES_AGGRESSIVE;
				CLANG_CXX_LANGUAGE_STANDARD = "gnu++14";
				CLANG_CXX_LIBRARY = "libc++";
				CLANG_ENABLE_MODULES = YES;
				CLANG_ENABLE_OBJC_ARC = YES;
				CLANG_ENABLE_OBJC_WEAK = YES;
				CLANG_WARN_BLOCK_CAPTURE_AUTORELEASING = YES;
				CLANG_WARN_BOOL_CONVERSION = YES;
				CLANG_WARN_COMMA = YES;
				CLANG_WARN_CONSTANT_CONVERSION = YES;
				CLANG_WARN_DEPRECATED_OBJC_IMPLEMENTATIONS = YES;
				CLANG_WARN_DIRECT_OBJC_ISA_USAGE = YES_ERROR;
				CLANG_WARN_DOCUMENTATION_COMMENTS = YES;
				CLANG_WARN_EMPTY_BODY = YES;
				CLANG_WARN_ENUM_CONVERSION = YES;
				CLANG_WARN_INFINITE_RECURSION = YES;
				CLANG_WARN_INT_CONVERSION = YES;
				CLANG_WARN_NON_LITERAL_NULL_CONVERSION = YES;
				CLANG_WARN_OBJC_IMPLICIT_RETAIN_SELF = YES;
				CLANG_WARN_OBJC_LITERAL_CONVERSION = YES;
				CLANG_WARN_OBJC_ROOT_CLASS = YES_ERROR;
				CLANG_WARN_RANGE_LOOP_ANALYSIS = YES;
				CLANG_WARN_STRICT_PROTOTYPES = YES;
				CLANG_WARN_SUSPICIOUS_MOVE = YES;
				CLANG_WARN_UNGUARDED_AVAILABILITY = YES_AGGRESSIVE;
				CLANG_WARN_UNREACHABLE_CODE = YES;
				CLANG_WARN__DUPLICATE_METHOD_MATCH = YES;
				CODE_SIGN_IDENTITY = "iPhone Developer";
				COPY_PHASE_STRIP = NO;
				DEBUG_INFORMATION_FORMAT = "dwarf-with-dsym";
				ENABLE_NS_ASSERTIONS = NO;
				ENABLE_STRICT_OBJC_MSGSEND = YES;
				GCC_C_LANGUAGE_STANDARD = gnu11;
				GCC_NO_COMMON_BLOCKS = YES;
				GCC_WARN_64_TO_32_BIT_CONVERSION = YES;
				GCC_WARN_ABOUT_RETURN_TYPE = YES_ERROR;
				GCC_WARN_UNDECLARED_SELECTOR = YES;
				GCC_WARN_UNINITIALIZED_AUTOS = YES_AGGRESSIVE;
				GCC_WARN_UNUSED_FUNCTION = YES;
				GCC_WARN_UNUSED_VARIABLE = YES;
				IPHONEOS_DEPLOYMENT_TARGET = 13.0;
				MTL_ENABLE_DEBUG_INFO = NO;
				MTL_FAST_MATH = YES;
				SDKROOT = iphoneos;
				SWIFT_COMPILATION_MODE = wholemodule;
				SWIFT_OPTIMIZATION_LEVEL = "-O";
				VALIDATE_PRODUCT = YES;
			};
			name = Release;
		};
		040891E9232254E60025EE37 /* Debug */ = {
			isa = XCBuildConfiguration;
			baseConfigurationReference = 1766941EBC64548E0D0C76EF /* Pods-todolist.debug.xcconfig */;
			buildSettings = {
				ALWAYS_EMBED_SWIFT_STANDARD_LIBRARIES = YES;
				ASSETCATALOG_COMPILER_APPICON_NAME = AppIcon;
				CODE_SIGN_ENTITLEMENTS = todolist/todolist.entitlements;
				CODE_SIGN_STYLE = Automatic;
				DEVELOPMENT_TEAM = BQ962D3J94;
				INFOPLIST_FILE = todolist/Info.plist;
				IPHONEOS_DEPLOYMENT_TARGET = 11.0;
				LD_RUNPATH_SEARCH_PATHS = (
					"$(inherited)",
					"@executable_path/Frameworks",
				);
				PRODUCT_BUNDLE_IDENTIFIER = com.huy.user.todoList;
				PRODUCT_NAME = "$(TARGET_NAME)";
				SWIFT_VERSION = 5.0;
				TARGETED_DEVICE_FAMILY = "1,2";
			};
			name = Debug;
		};
		040891EA232254E60025EE37 /* Release */ = {
			isa = XCBuildConfiguration;
			baseConfigurationReference = B0EF9BB2360CA73F00409F2E /* Pods-todolist.release.xcconfig */;
			buildSettings = {
				ALWAYS_EMBED_SWIFT_STANDARD_LIBRARIES = YES;
				ASSETCATALOG_COMPILER_APPICON_NAME = AppIcon;
				CODE_SIGN_ENTITLEMENTS = todolist/todolist.entitlements;
				CODE_SIGN_STYLE = Automatic;
				DEVELOPMENT_TEAM = BQ962D3J94;
				INFOPLIST_FILE = todolist/Info.plist;
				IPHONEOS_DEPLOYMENT_TARGET = 11.0;
				LD_RUNPATH_SEARCH_PATHS = (
					"$(inherited)",
					"@executable_path/Frameworks",
				);
				PRODUCT_BUNDLE_IDENTIFIER = com.huy.user.todoList;
				PRODUCT_NAME = "$(TARGET_NAME)";
				SWIFT_VERSION = 5.0;
				TARGETED_DEVICE_FAMILY = "1,2";
			};
			name = Release;
		};
/* End XCBuildConfiguration section */

/* Begin XCConfigurationList section */
		04061FF92344952E0068B0BB /* Build configuration list for PBXNativeTarget "OneSignalNotifactionServiceExtension" */ = {
			isa = XCConfigurationList;
			buildConfigurations = (
				04061FFA2344952E0068B0BB /* Debug */,
				04061FFB2344952E0068B0BB /* Release */,
			);
			defaultConfigurationIsVisible = 0;
			defaultConfigurationName = Release;
		};
		040891D1232254E50025EE37 /* Build configuration list for PBXProject "todolist" */ = {
			isa = XCConfigurationList;
			buildConfigurations = (
				040891E6232254E60025EE37 /* Debug */,
				040891E7232254E60025EE37 /* Release */,
			);
			defaultConfigurationIsVisible = 0;
			defaultConfigurationName = Release;
		};
		040891E8232254E60025EE37 /* Build configuration list for PBXNativeTarget "todolist" */ = {
			isa = XCConfigurationList;
			buildConfigurations = (
				040891E9232254E60025EE37 /* Debug */,
				040891EA232254E60025EE37 /* Release */,
			);
			defaultConfigurationIsVisible = 0;
			defaultConfigurationName = Release;
		};
/* End XCConfigurationList section */
	};
	rootObject = 040891CE232254E50025EE37 /* Project object */;
}
